
Microsoft Visual Studio Solution File, Format Version 12.00
# Visual Studio Version 16
VisualStudioVersion = 16.0.33214.272
MinimumVisualStudioVersion = 10.0.40219.1
Project("{FAE04EC0-301F-11D3-BF4B-00C04F79EFBC}") = "pract13_2_mamazhonova", "pract13_2_mamazhonova\pract13_2_mamazhonova.csproj", "{EFD59D40-6279-458F-A4AD-C7CFEB0E5CA8}"
EndProject
Global
	GlobalSection(SolutionConfigurationPlatforms) = preSolution
		Debug|Any CPU = Debug|Any CPU
		Release|Any CPU = Release|Any CPU
	EndGlobalSection
	GlobalSection(ProjectConfigurationPlatforms) = postSolution
		{EFD59D40-6279-458F-A4AD-C7CFEB0E5CA8}.Debug|Any CPU.ActiveCfg = Debug|Any CPU
		{EFD59D40-6279-458F-A4AD-C7CFEB0E5CA8}.Debug|Any CPU.Build.0 = Debug|Any CPU
		{EFD59D40-6279-458F-A4AD-C7CFEB0E5CA8}.Release|Any CPU.ActiveCfg = Release|Any CPU
		{EFD59D40-6279-458F-A4AD-C7CFEB0E5CA8}.Release|Any CPU.Build.0 = Release|Any CPU
	EndGlobalSection
	GlobalSection(SolutionProperties) = preSolution
		HideSolutionNode = FALSE
	EndGlobalSection
	GlobalSection(ExtensibilityGlobals) = postSolution
		SolutionGuid = {E88D4556-89F1-4B31-A41E-82E27957618D}
	EndGlobalSection
EndGlobal
